// !$*UTF8*$!
{
	archiveVersion = 1;
	classes = {
	};
	objectVersion = 50;
	objects = {

/* Begin PBXBuildFile section */
		BC0BA32CAD56683AAD04556E /* Pods_WhereISS_App.framework in Frameworks */ = {isa = PBXBuildFile; fileRef = 3CE8EE5C64F09EB9AD61C0DD /* Pods_WhereISS_App.framework */; };
		DAD694BA210106DC007137B9 /* AppDelegate.swift in Sources */ = {isa = PBXBuildFile; fileRef = DAD694B9210106DC007137B9 /* AppDelegate.swift */; };
		DAD694BC210106DC007137B9 /* ViewController.swift in Sources */ = {isa = PBXBuildFile; fileRef = DAD694BB210106DC007137B9 /* ViewController.swift */; };
		DAD694BF210106DC007137B9 /* Main.storyboard in Resources */ = {isa = PBXBuildFile; fileRef = DAD694BD210106DC007137B9 /* Main.storyboard */; };
		DAD694C1210106DF007137B9 /* Assets.xcassets in Resources */ = {isa = PBXBuildFile; fileRef = DAD694C0210106DF007137B9 /* Assets.xcassets */; };
		DAD694C4210106DF007137B9 /* LaunchScreen.storyboard in Resources */ = {isa = PBXBuildFile; fileRef = DAD694C2210106DF007137B9 /* LaunchScreen.storyboard */; };
/* End PBXBuildFile section */

/* Begin PBXFileReference section */
		3CE8EE5C64F09EB9AD61C0DD /* Pods_WhereISS_App.framework */ = {isa = PBXFileReference; explicitFileType = wrapper.framework; includeInIndex = 0; path = Pods_WhereISS_App.framework; sourceTree = BUILT_PRODUCTS_DIR; };
		A03F377D4836998A784A41F7 /* Pods-WhereISS App.debug.xcconfig */ = {isa = PBXFileReference; includeInIndex = 1; lastKnownFileType = text.xcconfig; name = "Pods-WhereISS App.debug.xcconfig"; path = "Pods/Target Support Files/Pods-WhereISS App/Pods-WhereISS App.debug.xcconfig"; sourceTree = "<group>"; };
		DAD694B6210106DC007137B9 /* WhereISS App.app */ = {isa = PBXFileReference; explicitFileType = wrapper.application; includeInIndex = 0; path = "WhereISS App.app"; sourceTree = BUILT_PRODUCTS_DIR; };
		DAD694B9210106DC007137B9 /* AppDelegate.swift */ = {isa = PBXFileReference; lastKnownFileType = sourcecode.swift; path = AppDelegate.swift; sourceTree = "<group>"; };
		DAD694BB210106DC007137B9 /* ViewController.swift */ = {isa = PBXFileReference; lastKnownFileType = sourcecode.swift; path = ViewController.swift; sourceTree = "<group>"; };
		DAD694BE210106DC007137B9 /* Base */ = {isa = PBXFileReference; lastKnownFileType = file.storyboard; name = Base; path = Base.lproj/Main.storyboard; sourceTree = "<group>"; };
		DAD694C0210106DF007137B9 /* Assets.xcassets */ = {isa = PBXFileReference; lastKnownFileType = folder.assetcatalog; path = Assets.xcassets; sourceTree = "<group>"; };
		DAD694C3210106DF007137B9 /* Base */ = {isa = PBXFileReference; lastKnownFileType = file.storyboard; name = Base; path = Base.lproj/LaunchScreen.storyboard; sourceTree = "<group>"; };
		DAD694C5210106DF007137B9 /* Info.plist */ = {isa = PBXFileReference; lastKnownFileType = text.plist.xml; path = Info.plist; sourceTree = "<group>"; };
		E6AF7B0ED006C041B25BB4D5 /* Pods-WhereISS App.release.xcconfig */ = {isa = PBXFileReference; includeInIndex = 1; lastKnownFileType = text.xcconfig; name = "Pods-WhereISS App.release.xcconfig"; path = "Pods/Target Support Files/Pods-WhereISS App/Pods-WhereISS App.release.xcconfig"; sourceTree = "<group>"; };
/* End PBXFileReference section */

/* Begin PBXFrameworksBuildPhase section */
		DAD694B3210106DC007137B9 /* Frameworks */ = {
			isa = PBXFrameworksBuildPhase;
			buildActionMask = 2147483647;
			files = (
				BC0BA32CAD56683AAD04556E /* Pods_WhereISS_App.framework in Frameworks */,
			);
			runOnlyForDeploymentPostprocessing = 0;
		};
/* End PBXFrameworksBuildPhase section */

/* Begin PBXGroup section */
		52DAFE690954282BC67B5FF5 /* Frameworks */ = {
			isa = PBXGroup;
			children = (
				3CE8EE5C64F09EB9AD61C0DD /* Pods_WhereISS_App.framework */,
			);
			name = Frameworks;
			sourceTree = "<group>";
		};
		63EA3199B1E4F061BAA019CC /* Pods */ = {
			isa = PBXGroup;
			children = (
				A03F377D4836998A784A41F7 /* Pods-WhereISS App.debug.xcconfig */,
				E6AF7B0ED006C041B25BB4D5 /* Pods-WhereISS App.release.xcconfig */,
			);
			name = Pods;
			sourceTree = "<group>";
		};
		DAD694AD210106DB007137B9 = {
			isa = PBXGroup;
			children = (
				DAD694B8210106DC007137B9 /* WhereISS App */,
				DAD694B7210106DC007137B9 /* Products */,
				63EA3199B1E4F061BAA019CC /* Pods */,
				52DAFE690954282BC67B5FF5 /* Frameworks */,
			);
			sourceTree = "<group>";
		};
		DAD694B7210106DC007137B9 /* Products */ = {
			isa = PBXGroup;
			children = (
				DAD694B6210106DC007137B9 /* WhereISS App.app */,
			);
			name = Products;
			sourceTree = "<group>";
		};
		DAD694B8210106DC007137B9 /* WhereISS App */ = {
			isa = PBXGroup;
			children = (
				DAD694B9210106DC007137B9 /* AppDelegate.swift */,
				DAD694BB210106DC007137B9 /* ViewController.swift */,
				DAD694BD210106DC007137B9 /* Main.storyboard */,
				DAD694C0210106DF007137B9 /* Assets.xcassets */,
				DAD694C2210106DF007137B9 /* LaunchScreen.storyboard */,
				DAD694C5210106DF007137B9 /* Info.plist */,
			);
			path = "WhereISS App";
			sourceTree = "<group>";
		};
/* End PBXGroup section */

/* Begin PBXNativeTarget section */
		DAD694B5210106DC007137B9 /* WhereISS App */ = {
			isa = PBXNativeTarget;
			buildConfigurationList = DAD694C8210106DF007137B9 /* Build configuration list for PBXNativeTarget "WhereISS App" */;
			buildPhases = (
				61F4E405CD3CD82BA016F7E9 /* [CP] Check Pods Manifest.lock */,
				DAD694B2210106DC007137B9 /* Sources */,
				DAD694B3210106DC007137B9 /* Frameworks */,
				DAD694B4210106DC007137B9 /* Resources */,
				85CF7EDA8AD0B8D5310EF18E /* [CP] Embed Pods Frameworks */,
			);
			buildRules = (
			);
			dependencies = (
			);
			name = "WhereISS App";
			productName = "WhereISS App";
			productReference = DAD694B6210106DC007137B9 /* WhereISS App.app */;
			productType = "com.apple.product-type.application";
		};
/* End PBXNativeTarget section */

/* Begin PBXProject section */
		DAD694AE210106DC007137B9 /* Project object */ = {
			isa = PBXProject;
			attributes = {
				LastSwiftUpdateCheck = 0940;
				LastUpgradeCheck = 0940;
				ORGANIZATIONNAME = "SERDAR ILARSLAN";
				TargetAttributes = {
					DAD694B5210106DC007137B9 = {
						CreatedOnToolsVersion = 9.4.1;
					};
				};
			};
			buildConfigurationList = DAD694B1210106DC007137B9 /* Build configuration list for PBXProject "WhereISS App" */;
			compatibilityVersion = "Xcode 9.3";
			developmentRegion = en;
			hasScannedForEncodings = 0;
			knownRegions = (
				en,
				Base,
			);
			mainGroup = DAD694AD210106DB007137B9;
			productRefGroup = DAD694B7210106DC007137B9 /* Products */;
			projectDirPath = "";
			projectRoot = "";
			targets = (
				DAD694B5210106DC007137B9 /* WhereISS App */,
			);
		};
/* End PBXProject section */

/* Begin PBXResourcesBuildPhase section */
		DAD694B4210106DC007137B9 /* Resources */ = {
			isa = PBXResourcesBuildPhase;
			buildActionMask = 2147483647;
			files = (
				DAD694C4210106DF007137B9 /* LaunchScreen.storyboard in Resources */,
				DAD694C1210106DF007137B9 /* Assets.xcassets in Resources */,
				DAD694BF210106DC007137B9 /* Main.storyboard in Resources */,
			);
			runOnlyForDeploymentPostprocessing = 0;
		};
/* End PBXResourcesBuildPhase section */

/* Begin PBXShellScriptBuildPhase section */
		61F4E405CD3CD82BA016F7E9 /* [CP] Check Pods Manifest.lock */ = {
			isa = PBXShellScriptBuildPhase;
			buildActionMask = 2147483647;
			files = (
			);
			inputPaths = (
				"${PODS_PODFILE_DIR_PATH}/Podfile.lock",
				"${PODS_ROOT}/Manifest.lock",
			);
			name = "[CP] Check Pods Manifest.lock";
			outputPaths = (
				"$(DERIVED_FILE_DIR)/Pods-WhereISS App-checkManifestLockResult.txt",
			);
			runOnlyForDeploymentPostprocessing = 0;
			shellPath = /bin/sh;
			shellScript = "diff \"${PODS_PODFILE_DIR_PATH}/Podfile.lock\" \"${PODS_ROOT}/Manifest.lock\" > /dev/null\nif [ $? != 0 ] ; then\n    # print error to STDERR\n    echo \"error: The sandbox is not in sync with the Podfile.lock. Run 'pod install' or update your CocoaPods installation.\" >&2\n    exit 1\nfi\n# This output is used by Xcode 'outputs' to avoid re-running this script phase.\necho \"SUCCESS\" > \"${SCRIPT_OUTPUT_FILE_0}\"\n";
			showEnvVarsInLog = 0;
		};
		85CF7EDA8AD0B8D5310EF18E /* [CP] Embed Pods Frameworks */ = {
			isa = PBXShellScriptBuildPhase;
			buildActionMask = 2147483647;
			files = (
			);
			inputPaths = (
				"${SRCROOT}/Pods/Target Support Files/Pods-WhereISS App/Pods-WhereISS App-frameworks.sh",
				"${BUILT_PRODUCTS_DIR}/Alamofire/Alamofire.framework",
				"${PODS_ROOT}/Mapbox-iOS-SDK/dynamic/Mapbox.framework",
				"${PODS_ROOT}/Mapbox-iOS-SDK/dynamic/Mapbox.framework.dSYM",
				"${BUILT_PRODUCTS_DIR}/SwiftyJSON/SwiftyJSON.framework",
			);
			name = "[CP] Embed Pods Frameworks";
			outputPaths = (
				"${TARGET_BUILD_DIR}/${FRAMEWORKS_FOLDER_PATH}/Alamofire.framework",
				"${TARGET_BUILD_DIR}/${FRAMEWORKS_FOLDER_PATH}/Mapbox.framework",
				"${DWARF_DSYM_FOLDER_PATH}/Mapbox.framework.dSYM",
				"${TARGET_BUILD_DIR}/${FRAMEWORKS_FOLDER_PATH}/SwiftyJSON.framework",
			);
			runOnlyForDeploymentPostprocessing = 0;
			shellPath = /bin/sh;
			shellScript = "\"${SRCROOT}/Pods/Target Support Files/Pods-WhereISS App/Pods-WhereISS App-frameworks.sh\"\n";
			showEnvVarsInLog = 0;
		};
/* End PBXShellScriptBuildPhase section */

/* Begin PBXSourcesBuildPhase section */
		DAD694B2210106DC007137B9 /* Sources */ = {
			isa = PBXSourcesBuildPhase;
			buildActionMask = 2147483647;
			files = (
				DAD694BC210106DC007137B9 /* ViewController.swift in Sources */,
				DAD694BA210106DC007137B9 /* AppDelegate.swift in Sources */,
			);
			runOnlyForDeploymentPostprocessing = 0;
		};
/* End PBXSourcesBuildPhase section */

/* Begin PBXVariantGroup section */
		DAD694BD210106DC007137B9 /* Main.storyboard */ = {
			isa = PBXVariantGroup;
			children = (
				DAD694BE210106DC007137B9 /* Base */,
			);
			name = Main.storyboard;
			sourceTree = "<group>";
		};
		DAD694C2210106DF007137B9 /* LaunchScreen.storyboard */ = {
			isa = PBXVariantGroup;
			children = (
				DAD694C3210106DF007137B9 /* Base */,
			);
			name = LaunchScreen.storyboard;
			sourceTree = "<group>";
		};
/* End PBXVariantGroup section */

/* Begin XCBuildConfiguration section */
		DAD694C6210106DF007137B9 /* Debug */ = {
			isa = XCBuildConfiguration;
			buildSettings = {
				ALWAYS_SEARCH_USER_PATHS = NO;
				CLANG_ANALYZER_NONNULL = YES;
				CLANG_ANALYZER_NUMBER_OBJECT_CONVERSION = YES_AGGRESSIVE;
				CLANG_CXX_LANGUAGE_STANDARD = "gnu++14";
				CLANG_CXX_LIBRARY = "libc++";
				CLANG_ENABLE_MODULES = YES;
				CLANG_ENABLE_OBJC_ARC = YES;
				CLANG_ENABLE_OBJC_WEAK = YES;
				CLANG_WARN_BLOCK_CAPTURE_AUTORELEASING = YES;
				CLANG_WARN_BOOL_CONVERSION = YES;
				CLANG_WARN_COMMA = YES;
				CLANG_WARN_CONSTANT_CONVERSION = YES;
				CLANG_WARN_DEPRECATED_OBJC_IMPLEMENTATIONS = YES;
				CLANG_WARN_DIRECT_OBJC_ISA_USAGE = YES_ERROR;
				CLANG_WARN_DOCUMENTATION_COMMENTS = YES;
				CLANG_WARN_EMPTY_BODY = YES;
				CLANG_WARN_ENUM_CONVERSION = YES;
				CLANG_WARN_INFINITE_RECURSION = YES;
				CLANG_WARN_INT_CONVERSION = YES;
				CLANG_WARN_NON_LITERAL_NULL_CONVERSION = YES;
				CLANG_WARN_OBJC_IMPLICIT_RETAIN_SELF = YES;
				CLANG_WARN_OBJC_LITERAL_CONVERSION = YES;
				CLANG_WARN_OBJC_ROOT_CLASS = YES_ERROR;
				CLANG_WARN_RANGE_LOOP_ANALYSIS = YES;
				CLANG_WARN_STRICT_PROTOTYPES = YES;
				CLANG_WARN_SUSPICIOUS_MOVE = YES;
				CLANG_WARN_UNGUARDED_AVAILABILITY = YES_AGGRESSIVE;
				CLANG_WARN_UNREACHABLE_CODE = YES;
				CLANG_WARN__DUPLICATE_METHOD_MATCH = YES;
				CODE_SIGN_IDENTITY = "iPhone Developer";
				COPY_PHASE_STRIP = NO;
				DEBUG_INFORMATION_FORMAT = dwarf;
				ENABLE_STRICT_OBJC_MSGSEND = YES;
				ENABLE_TESTABILITY = YES;
				GCC_C_LANGUAGE_STANDARD = gnu11;
				GCC_DYNAMIC_NO_PIC = NO;
				GCC_NO_COMMON_BLOCKS = YES;
				GCC_OPTIMIZATION_LEVEL = 0;
				GCC_PREPROCESSOR_DEFINITIONS = (
					"DEBUG=1",
					"$(inherited)",
				);
				GCC_WARN_64_TO_32_BIT_CONVERSION = YES;
				GCC_WARN_ABOUT_RETURN_TYPE = YES_ERROR;
				GCC_WARN_UNDECLARED_SELECTOR = YES;
				GCC_WARN_UNINITIALIZED_AUTOS = YES_AGGRESSIVE;
				GCC_WARN_UNUSED_FUNCTION = YES;
				GCC_WARN_UNUSED_VARIABLE = YES;
				IPHONEOS_DEPLOYMENT_TARGET = 11.4;
				MTL_ENABLE_DEBUG_INFO = YES;
				ONLY_ACTIVE_ARCH = YES;
				SDKROOT = iphoneos;
				SWIFT_ACTIVE_COMPILATION_CONDITIONS = DEBUG;
				SWIFT_OPTIMIZATION_LEVEL = "-Onone";
			};
			name = Debug;
		};
		DAD694C7210106DF007137B9 /* Release */ = {
			isa = XCBuildConfiguration;
			buildSettings = {
				ALWAYS_SEARCH_USER_PATHS = NO;
				CLANG_ANALYZER_NONNULL = YES;
				CLANG_ANALYZER_NUMBER_OBJECT_CONVERSION = YES_AGGRESSIVE;
				CLANG_CXX_LANGUAGE_STANDARD = "gnu++14";
				CLANG_CXX_LIBRARY = "libc++";
				CLANG_ENABLE_MODULES = YES;
				CLANG_ENABLE_OBJC_ARC = YES;
				CLANG_ENABLE_OBJC_WEAK = YES;
				CLANG_WARN_BLOCK_CAPTURE_AUTORELEASING = YES;
				CLANG_WARN_BOOL_CONVERSION = YES;
				CLANG_WARN_COMMA = YES;
				CLANG_WARN_CONSTANT_CONVERSION = YES;
				CLANG_WARN_DEPRECATED_OBJC_IMPLEMENTATIONS = YES;
				CLANG_WARN_DIRECT_OBJC_ISA_USAGE = YES_ERROR;
				CLANG_WARN_DOCUMENTATION_COMMENTS = YES;
				CLANG_WARN_EMPTY_BODY = YES;
				CLANG_WARN_ENUM_CONVERSION = YES;
				CLANG_WARN_INFINITE_RECURSION = YES;
				CLANG_WARN_INT_CONVERSION = YES;
				CLANG_WARN_NON_LITERAL_NULL_CONVERSION = YES;
				CLANG_WARN_OBJC_IMPLICIT_RETAIN_SELF = YES;
				CLANG_WARN_OBJC_LITERAL_CONVERSION = YES;
				CLANG_WARN_OBJC_ROOT_CLASS = YES_ERROR;
				CLANG_WARN_RANGE_LOOP_ANALYSIS = YES;
				CLANG_WARN_STRICT_PROTOTYPES = YES;
				CLANG_WARN_SUSPICIOUS_MOVE = YES;
				CLANG_WARN_UNGUARDED_AVAILABILITY = YES_AGGRESSIVE;
				CLANG_WARN_UNREACHABLE_CODE = YES;
				CLANG_WARN__DUPLICATE_METHOD_MATCH = YES;
				CODE_SIGN_IDENTITY = "iPhone Developer";
				COPY_PHASE_STRIP = NO;
				DEBUG_INFORMATION_FORMAT = "dwarf-with-dsym";
				ENABLE_NS_ASSERTIONS = NO;
				ENABLE_STRICT_OBJC_MSGSEND = YES;
				GCC_C_LANGUAGE_STANDARD = gnu11;
				GCC_NO_COMMON_BLOCKS = YES;
				GCC_WARN_64_TO_32_BIT_CONVERSION = YES;
				GCC_WARN_ABOUT_RETURN_TYPE = YES_ERROR;
				GCC_WARN_UNDECLARED_SELECTOR = YES;
				GCC_WARN_UNINITIALIZED_AUTOS = YES_AGGRESSIVE;
				GCC_WARN_UNUSED_FUNCTION = YES;
				GCC_WARN_UNUSED_VARIABLE = YES;
				IPHONEOS_DEPLOYMENT_TARGET = 11.4;
				MTL_ENABLE_DEBUG_INFO = NO;
				SDKROOT = iphoneos;
				SWIFT_COMPILATION_MODE = wholemodule;
				SWIFT_OPTIMIZATION_LEVEL = "-O";
				VALIDATE_PRODUCT = YES;
			};
			name = Release;
		};
		DAD694C9210106DF007137B9 /* Debug */ = {
			isa = XCBuildConfiguration;
			baseConfigurationReference = A03F377D4836998A784A41F7 /* Pods-WhereISS App.debug.xcconfig */;
			buildSettings = {
				ASSETCATALOG_COMPILER_APPICON_NAME = AppIcon;
				CODE_SIGN_STYLE = Automatic;
				DEVELOPMENT_TEAM = GA5FZ66P6X;
				INFOPLIST_FILE = "WhereISS App/Info.plist";
				LD_RUNPATH_SEARCH_PATHS = (
					"$(inherited)",
					"@executable_path/Frameworks",
				);
				PRODUCT_BUNDLE_IDENTIFIER = "com.serdarilarslan.WhereISS-App";
				PRODUCT_NAME = "$(TARGET_NAME)";
				SWIFT_VERSION = 4.0;
				TARGETED_DEVICE_FAMILY = "1,2";
			};
			name = Debug;
		};
		DAD694CA210106DF007137B9 /* Release */ = {
			isa = XCBuildConfiguration;
			baseConfigurationReference = E6AF7B0ED006C041B25BB4D5 /* Pods-WhereISS App.release.xcconfig */;
			buildSettings = {
				ASSETCATALOG_COMPILER_APPICON_NAME = AppIcon;
				CODE_SIGN_STYLE = Automatic;
				DEVELOPMENT_TEAM = GA5FZ66P6X;
				INFOPLIST_FILE = "WhereISS App/Info.plist";
				LD_RUNPATH_SEARCH_PATHS = (
					"$(inherited)",
					"@executable_path/Frameworks",
				);
				PRODUCT_BUNDLE_IDENTIFIER = "com.serdarilarslan.WhereISS-App";
				PRODUCT_NAME = "$(TARGET_NAME)";
				SWIFT_VERSION = 4.0;
				TARGETED_DEVICE_FAMILY = "1,2";
			};
			name = Release;
		};
/* End XCBuildConfiguration section */

/* Begin XCConfigurationList section */
		DAD694B1210106DC007137B9 /* Build configuration list for PBXProject "WhereISS App" */ = {
			isa = XCConfigurationList;
			buildConfigurations = (
				DAD694C6210106DF007137B9 /* Debug */,
				DAD694C7210106DF007137B9 /* Release */,
			);
			defaultConfigurationIsVisible = 0;
			defaultConfigurationName = Release;
		};
		DAD694C8210106DF007137B9 /* Build configuration list for PBXNativeTarget "WhereISS App" */ = {
			isa = XCConfigurationList;
			buildConfigurations = (
				DAD694C9210106DF007137B9 /* Debug */,
				DAD694CA210106DF007137B9 /* Release */,
			);
			defaultConfigurationIsVisible = 0;
			defaultConfigurationName = Release;
		};
/* End XCConfigurationList section */
	};
	rootObject = DAD694AE210106DC007137B9 /* Project object */;
}
